{
  "name": "fixture-app",
  "version": "0.0.1",
  "lockfileVersion": 3,
  "packages": {
    "": { "name": "fixture-app", "version": "0.0.1" },
    "node_modules/event-stream": { "version": "3.3.6" },
    "node_modules/lodash":       { "version": "4.17.15" },
    "node_modules/reakt":        { "version": "0.1.0" }
  }
}
