id:        CBR-GO-USE_OF_UNSAFE_BLOCK
title:     "Use Of Unsafe Block"
severity:  high
languages: ['go']
cwe:       ['CWE-242']
source:    semgrep/use-of-unsafe-block
message: |
  Using the unsafe package in Go gives you low-level memory management and many of the strengths of the C language, but also steps around the type safety of Go and can lead to buffer overflows and possible arbitrary code execution by an attacker. Only use this package if you absolutely know what you're doing.
pattern: |
  unsafe.$FUNC(...)
